Microsoft Visual Studio Solution File, Format Version 12.00
# Visual Studio 2012
Project("{FAE04EC0-301F-11D3-BF4B-00C04F79EFBC}") = "IdleGame", "IdleGame.csproj", "{D681CF92-0701-44EC-B19A-8D44338AF1DF}"
EndProject
Global
	GlobalSection(SolutionConfigurationPlatforms) = preSolution
	Debug|Any CPU = Debug|Any CPU
	ExportDebug|Any CPU = ExportDebug|Any CPU
	ExportRelease|Any CPU = ExportRelease|Any CPU
	EndGlobalSection
	GlobalSection(ProjectConfigurationPlatforms) = postSolution
		{D681CF92-0701-44EC-B19A-8D44338AF1DF}.Debug|Any CPU.ActiveCfg = Debug|Any CPU
		{D681CF92-0701-44EC-B19A-8D44338AF1DF}.Debug|Any CPU.Build.0 = Debug|Any CPU
		{D681CF92-0701-44EC-B19A-8D44338AF1DF}.ExportDebug|Any CPU.ActiveCfg = ExportDebug|Any CPU
		{D681CF92-0701-44EC-B19A-8D44338AF1DF}.ExportDebug|Any CPU.Build.0 = ExportDebug|Any CPU
		{D681CF92-0701-44EC-B19A-8D44338AF1DF}.ExportRelease|Any CPU.ActiveCfg = ExportRelease|Any CPU
		{D681CF92-0701-44EC-B19A-8D44338AF1DF}.ExportRelease|Any CPU.Build.0 = ExportRelease|Any CPU
	EndGlobalSection
EndGlobal
